// !$*UTF8*$!
{
	archiveVersion = 1;
	classes = {
	};
	objectVersion = 55;
	objects = {

/* Begin PBXBuildFile section */
		3D22AADE2834C5F400CB41AB /* landmarkData.json in Resources */ = {isa = PBXBuildFile; fileRef = 3D22AADD2834C5F400CB41AB /* landmarkData.json */; };
		3D22AAE02834C6BF00CB41AB /* Landmark.swift in Sources */ = {isa = PBXBuildFile; fileRef = 3D22AADF2834C6BF00CB41AB /* Landmark.swift */; };
		3D22AAE22834CDAA00CB41AB /* ModelData.swift in Sources */ = {isa = PBXBuildFile; fileRef = 3D22AAE12834CDAA00CB41AB /* ModelData.swift */; };
		3D22AAE72834E58000CB41AB /* LandmarkRow.swift in Sources */ = {isa = PBXBuildFile; fileRef = 3D22AAE62834E58000CB41AB /* LandmarkRow.swift */; };
		3D22AAE92834EE3900CB41AB /* LandmarkList.swift in Sources */ = {isa = PBXBuildFile; fileRef = 3D22AAE82834EE3900CB41AB /* LandmarkList.swift */; };
		3D22AAEB2834F60D00CB41AB /* LandmarkDetail.swift in Sources */ = {isa = PBXBuildFile; fileRef = 3D22AAEA2834F60D00CB41AB /* LandmarkDetail.swift */; };
		3D22AAED283688C100CB41AB /* FavoriteButton.swift in Sources */ = {isa = PBXBuildFile; fileRef = 3D22AAEC283688C100CB41AB /* FavoriteButton.swift */; };
		3D22AAF12837589900CB41AB /* HexagonParmeters.swift in Sources */ = {isa = PBXBuildFile; fileRef = 3D22AAF02837589900CB41AB /* HexagonParmeters.swift */; };
		3D22AAF328375D2F00CB41AB /* BadgeBackground.swift in Sources */ = {isa = PBXBuildFile; fileRef = 3D22AAF228375D2F00CB41AB /* BadgeBackground.swift */; };
		3D22AAF52837764300CB41AB /* BadgeSymbol.swift in Sources */ = {isa = PBXBuildFile; fileRef = 3D22AAF42837764300CB41AB /* BadgeSymbol.swift */; };
		3D22AAF7283777B500CB41AB /* RotatedBadgeSymbol.swift in Sources */ = {isa = PBXBuildFile; fileRef = 3D22AAF6283777B500CB41AB /* RotatedBadgeSymbol.swift */; };
		3D22AAF92837789200CB41AB /* Badge.swift in Sources */ = {isa = PBXBuildFile; fileRef = 3D22AAF82837789200CB41AB /* Badge.swift */; };
		3D22AAFB283B908D00CB41AB /* hikeData.json in Resources */ = {isa = PBXBuildFile; fileRef = 3D22AAFA283B908D00CB41AB /* hikeData.json */; };
		3D22AAFD283B90B000CB41AB /* Hike.swift in Sources */ = {isa = PBXBuildFile; fileRef = 3D22AAFC283B90B000CB41AB /* Hike.swift */; };
		3D22AB03283B945500CB41AB /* GraphCapsule.swift in Sources */ = {isa = PBXBuildFile; fileRef = 3D22AAFF283B945500CB41AB /* GraphCapsule.swift */; };
		3D22AB04283B945500CB41AB /* HikeGraph.swift in Sources */ = {isa = PBXBuildFile; fileRef = 3D22AB00283B945500CB41AB /* HikeGraph.swift */; };
		3D22AB05283B945500CB41AB /* HikeDetail.swift in Sources */ = {isa = PBXBuildFile; fileRef = 3D22AB01283B945500CB41AB /* HikeDetail.swift */; };
		3D22AB06283B945500CB41AB /* HikeView.swift in Sources */ = {isa = PBXBuildFile; fileRef = 3D22AB02283B945500CB41AB /* HikeView.swift */; };
		3D728AB12840A82E00AB0DD0 /* CategoryHome.swift in Sources */ = {isa = PBXBuildFile; fileRef = 3D728AB02840A82E00AB0DD0 /* CategoryHome.swift */; };
		3D728AB32840B0AB00AB0DD0 /* CategoryRow.swift in Sources */ = {isa = PBXBuildFile; fileRef = 3D728AB22840B0AB00AB0DD0 /* CategoryRow.swift */; };
		3D728AB52840B25400AB0DD0 /* CategoryItem.swift in Sources */ = {isa = PBXBuildFile; fileRef = 3D728AB42840B25400AB0DD0 /* CategoryItem.swift */; };
		3D9C53632844CB0600E6D5C1 /* Profile.swift in Sources */ = {isa = PBXBuildFile; fileRef = 3D9C53622844CB0600E6D5C1 /* Profile.swift */; };
		3D9C53682844CE6800E6D5C1 /* ProfileHost.swift in Sources */ = {isa = PBXBuildFile; fileRef = 3D9C53672844CE6800E6D5C1 /* ProfileHost.swift */; };
		3D9C536A2844CF3B00E6D5C1 /* ProfileSummary.swift in Sources */ = {isa = PBXBuildFile; fileRef = 3D9C53692844CF3B00E6D5C1 /* ProfileSummary.swift */; };
		3D9C536C2844D13800E6D5C1 /* HikeBadge.swift in Sources */ = {isa = PBXBuildFile; fileRef = 3D9C536B2844D13800E6D5C1 /* HikeBadge.swift */; };
		3D9C536E284636C100E6D5C1 /* ProfileEditor.swift in Sources */ = {isa = PBXBuildFile; fileRef = 3D9C536D284636C100E6D5C1 /* ProfileEditor.swift */; };
		3D9C53712848D37300E6D5C1 /* PageViewController.swift in Sources */ = {isa = PBXBuildFile; fileRef = 3D9C53702848D37300E6D5C1 /* PageViewController.swift */; };
		3D9C53732848D80300E6D5C1 /* FeatureCard.swift in Sources */ = {isa = PBXBuildFile; fileRef = 3D9C53722848D80300E6D5C1 /* FeatureCard.swift */; };
		3D9C53752848E51000E6D5C1 /* PageView.swift in Sources */ = {isa = PBXBuildFile; fileRef = 3D9C53742848E51000E6D5C1 /* PageView.swift */; };
		3D9C53772848F0C600E6D5C1 /* PageControl.swift in Sources */ = {isa = PBXBuildFile; fileRef = 3D9C53762848F0C600E6D5C1 /* PageControl.swift */; };
		3DD7B9DB283391DA003157BD /* LandmarksApp.swift in Sources */ = {isa = PBXBuildFile; fileRef = 3DD7B9DA283391DA003157BD /* LandmarksApp.swift */; };
		3DD7B9DD283391DA003157BD /* ContentView.swift in Sources */ = {isa = PBXBuildFile; fileRef = 3DD7B9DC283391DA003157BD /* ContentView.swift */; };
		3DD7B9DF283391DE003157BD /* Assets.xcassets in Resources */ = {isa = PBXBuildFile; fileRef = 3DD7B9DE283391DE003157BD /* Assets.xcassets */; };
		3DD7B9E2283391DE003157BD /* Preview Assets.xcassets in Resources */ = {isa = PBXBuildFile; fileRef = 3DD7B9E1283391DE003157BD /* Preview Assets.xcassets */; };
		3DD7B9EC283391DE003157BD /* LandmarksTests.swift in Sources */ = {isa = PBXBuildFile; fileRef = 3DD7B9EB283391DE003157BD /* LandmarksTests.swift */; };
		3DD7B9F6283391DE003157BD /* LandmarksUITests.swift in Sources */ = {isa = PBXBuildFile; fileRef = 3DD7B9F5283391DE003157BD /* LandmarksUITests.swift */; };
		3DD7B9F8283391DE003157BD /* LandmarksUITestsLaunchTests.swift in Sources */ = {isa = PBXBuildFile; fileRef = 3DD7B9F7283391DE003157BD /* LandmarksUITestsLaunchTests.swift */; };
		3DD7BA052833AF1C003157BD /* CircleImage.swift in Sources */ = {isa = PBXBuildFile; fileRef = 3DD7BA042833AF1C003157BD /* CircleImage.swift */; };
		3DD7BA072833B2EE003157BD /* MapView.swift in Sources */ = {isa = PBXBuildFile; fileRef = 3DD7BA062833B2EE003157BD /* MapView.swift */; };
/* End PBXBuildFile section */

/* Begin PBXContainerItemProxy section */
		3DD7B9E8283391DE003157BD /* PBXContainerItemProxy */ = {
			isa = PBXContainerItemProxy;
			containerPortal = 3DD7B9CF283391DA003157BD /* Project object */;
			proxyType = 1;
			remoteGlobalIDString = 3DD7B9D6283391DA003157BD;
			remoteInfo = Landmarks;
		};
		3DD7B9F2283391DE003157BD /* PBXContainerItemProxy */ = {
			isa = PBXContainerItemProxy;
			containerPortal = 3DD7B9CF283391DA003157BD /* Project object */;
			proxyType = 1;
			remoteGlobalIDString = 3DD7B9D6283391DA003157BD;
			remoteInfo = Landmarks;
		};
/* End PBXContainerItemProxy section */

/* Begin PBXFileReference section */
		3D22AADD2834C5F400CB41AB /* landmarkData.json */ = {isa = PBXFileReference; fileEncoding = 4; lastKnownFileType = text.json; path = landmarkData.json; sourceTree = "<group>"; };
		3D22AADF2834C6BF00CB41AB /* Landmark.swift */ = {isa = PBXFileReference; lastKnownFileType = sourcecode.swift; path = Landmark.swift; sourceTree = "<group>"; };
		3D22AAE12834CDAA00CB41AB /* ModelData.swift */ = {isa = PBXFileReference; lastKnownFileType = sourcecode.swift; path = ModelData.swift; sourceTree = "<group>"; };
		3D22AAE62834E58000CB41AB /* LandmarkRow.swift */ = {isa = PBXFileReference; lastKnownFileType = sourcecode.swift; path = LandmarkRow.swift; sourceTree = "<group>"; };
		3D22AAE82834EE3900CB41AB /* LandmarkList.swift */ = {isa = PBXFileReference; lastKnownFileType = sourcecode.swift; path = LandmarkList.swift; sourceTree = "<group>"; };
		3D22AAEA2834F60D00CB41AB /* LandmarkDetail.swift */ = {isa = PBXFileReference; lastKnownFileType = sourcecode.swift; path = LandmarkDetail.swift; sourceTree = "<group>"; };
		3D22AAEC283688C100CB41AB /* FavoriteButton.swift */ = {isa = PBXFileReference; lastKnownFileType = sourcecode.swift; path = FavoriteButton.swift; sourceTree = "<group>"; };
		3D22AAF02837589900CB41AB /* HexagonParmeters.swift */ = {isa = PBXFileReference; lastKnownFileType = sourcecode.swift; path = HexagonParmeters.swift; sourceTree = "<group>"; };
		3D22AAF228375D2F00CB41AB /* BadgeBackground.swift */ = {isa = PBXFileReference; lastKnownFileType = sourcecode.swift; path = BadgeBackground.swift; sourceTree = "<group>"; };
		3D22AAF42837764300CB41AB /* BadgeSymbol.swift */ = {isa = PBXFileReference; lastKnownFileType = sourcecode.swift; path = BadgeSymbol.swift; sourceTree = "<group>"; };
		3D22AAF6283777B500CB41AB /* RotatedBadgeSymbol.swift */ = {isa = PBXFileReference; lastKnownFileType = sourcecode.swift; path = RotatedBadgeSymbol.swift; sourceTree = "<group>"; };
		3D22AAF82837789200CB41AB /* Badge.swift */ = {isa = PBXFileReference; lastKnownFileType = sourcecode.swift; path = Badge.swift; sourceTree = "<group>"; };
		3D22AAFA283B908D00CB41AB /* hikeData.json */ = {isa = PBXFileReference; fileEncoding = 4; lastKnownFileType = text.json; path = hikeData.json; sourceTree = "<group>"; };
		3D22AAFC283B90B000CB41AB /* Hike.swift */ = {isa = PBXFileReference; lastKnownFileType = sourcecode.swift; path = Hike.swift; sourceTree = "<group>"; };
		3D22AAFF283B945500CB41AB /* GraphCapsule.swift */ = {isa = PBXFileReference; fileEncoding = 4; lastKnownFileType = sourcecode.swift; path = GraphCapsule.swift; sourceTree = "<group>"; };
		3D22AB00283B945500CB41AB /* HikeGraph.swift */ = {isa = PBXFileReference; fileEncoding = 4; lastKnownFileType = sourcecode.swift; path = HikeGraph.swift; sourceTree = "<group>"; };
		3D22AB01283B945500CB41AB /* HikeDetail.swift */ = {isa = PBXFileReference; fileEncoding = 4; lastKnownFileType = sourcecode.swift; path = HikeDetail.swift; sourceTree = "<group>"; };
		3D22AB02283B945500CB41AB /* HikeView.swift */ = {isa = PBXFileReference; fileEncoding = 4; lastKnownFileType = sourcecode.swift; path = HikeView.swift; sourceTree = "<group>"; };
		3D728AB02840A82E00AB0DD0 /* CategoryHome.swift */ = {isa = PBXFileReference; lastKnownFileType = sourcecode.swift; path = CategoryHome.swift; sourceTree = "<group>"; };
		3D728AB22840B0AB00AB0DD0 /* CategoryRow.swift */ = {isa = PBXFileReference; lastKnownFileType = sourcecode.swift; path = CategoryRow.swift; sourceTree = "<group>"; };
		3D728AB42840B25400AB0DD0 /* CategoryItem.swift */ = {isa = PBXFileReference; lastKnownFileType = sourcecode.swift; path = CategoryItem.swift; sourceTree = "<group>"; };
		3D9C53622844CB0600E6D5C1 /* Profile.swift */ = {isa = PBXFileReference; lastKnownFileType = sourcecode.swift; path = Profile.swift; sourceTree = "<group>"; };
		3D9C53672844CE6800E6D5C1 /* ProfileHost.swift */ = {isa = PBXFileReference; lastKnownFileType = sourcecode.swift; path = ProfileHost.swift; sourceTree = "<group>"; };
		3D9C53692844CF3B00E6D5C1 /* ProfileSummary.swift */ = {isa = PBXFileReference; lastKnownFileType = sourcecode.swift; path = ProfileSummary.swift; sourceTree = "<group>"; };
		3D9C536B2844D13800E6D5C1 /* HikeBadge.swift */ = {isa = PBXFileReference; lastKnownFileType = sourcecode.swift; path = HikeBadge.swift; sourceTree = "<group>"; };
		3D9C536D284636C100E6D5C1 /* ProfileEditor.swift */ = {isa = PBXFileReference; lastKnownFileType = sourcecode.swift; path = ProfileEditor.swift; sourceTree = "<group>"; };
		3D9C53702848D37300E6D5C1 /* PageViewController.swift */ = {isa = PBXFileReference; lastKnownFileType = sourcecode.swift; path = PageViewController.swift; sourceTree = "<group>"; };
		3D9C53722848D80300E6D5C1 /* FeatureCard.swift */ = {isa = PBXFileReference; lastKnownFileType = sourcecode.swift; path = FeatureCard.swift; sourceTree = "<group>"; };
		3D9C53742848E51000E6D5C1 /* PageView.swift */ = {isa = PBXFileReference; lastKnownFileType = sourcecode.swift; path = PageView.swift; sourceTree = "<group>"; };
		3D9C53762848F0C600E6D5C1 /* PageControl.swift */ = {isa = PBXFileReference; lastKnownFileType = sourcecode.swift; path = PageControl.swift; sourceTree = "<group>"; };
		3DD7B9D7283391DA003157BD /* Landmarks.app */ = {isa = PBXFileReference; explicitFileType = wrapper.application; includeInIndex = 0; path = Landmarks.app; sourceTree = BUILT_PRODUCTS_DIR; };
		3DD7B9DA283391DA003157BD /* LandmarksApp.swift */ = {isa = PBXFileReference; lastKnownFileType = sourcecode.swift; path = LandmarksApp.swift; sourceTree = "<group>"; };
		3DD7B9DC283391DA003157BD /* ContentView.swift */ = {isa = PBXFileReference; lastKnownFileType = sourcecode.swift; path = ContentView.swift; sourceTree = "<group>"; };
		3DD7B9DE283391DE003157BD /* Assets.xcassets */ = {isa = PBXFileReference; lastKnownFileType = folder.assetcatalog; path = Assets.xcassets; sourceTree = "<group>"; };
		3DD7B9E1283391DE003157BD /* Preview Assets.xcassets */ = {isa = PBXFileReference; lastKnownFileType = folder.assetcatalog; path = "Preview Assets.xcassets"; sourceTree = "<group>"; };
		3DD7B9E7283391DE003157BD /* LandmarksTests.xctest */ = {isa = PBXFileReference; explicitFileType = wrapper.cfbundle; includeInIndex = 0; path = LandmarksTests.xctest; sourceTree = BUILT_PRODUCTS_DIR; };
		3DD7B9EB283391DE003157BD /* LandmarksTests.swift */ = {isa = PBXFileReference; lastKnownFileType = sourcecode.swift; path = LandmarksTests.swift; sourceTree = "<group>"; };
		3DD7B9F1283391DE003157BD /* LandmarksUITests.xctest */ = {isa = PBXFileReference; explicitFileType = wrapper.cfbundle; includeInIndex = 0; path = LandmarksUITests.xctest; sourceTree = BUILT_PRODUCTS_DIR; };
		3DD7B9F5283391DE003157BD /* LandmarksUITests.swift */ = {isa = PBXFileReference; lastKnownFileType = sourcecode.swift; path = LandmarksUITests.swift; sourceTree = "<group>"; };
		3DD7B9F7283391DE003157BD /* LandmarksUITestsLaunchTests.swift */ = {isa = PBXFileReference; lastKnownFileType = sourcecode.swift; path = LandmarksUITestsLaunchTests.swift; sourceTree = "<group>"; };
		3DD7BA042833AF1C003157BD /* CircleImage.swift */ = {isa = PBXFileReference; lastKnownFileType = sourcecode.swift; path = CircleImage.swift; sourceTree = "<group>"; };
		3DD7BA062833B2EE003157BD /* MapView.swift */ = {isa = PBXFileReference; lastKnownFileType = sourcecode.swift; path = MapView.swift; sourceTree = "<group>"; };
/* End PBXFileReference section */

/* Begin PBXFrameworksBuildPhase section */
		3DD7B9D4283391DA003157BD /* Frameworks */ = {
			isa = PBXFrameworksBuildPhase;
			buildActionMask = 2147483647;
			files = (
			);
			runOnlyForDeploymentPostprocessing = 0;
		};
		3DD7B9E4283391DE003157BD /* Frameworks */ = {
			isa = PBXFrameworksBuildPhase;
			buildActionMask = 2147483647;
			files = (
			);
			runOnlyForDeploymentPostprocessing = 0;
		};
		3DD7B9EE283391DE003157BD /* Frameworks */ = {
			isa = PBXFrameworksBuildPhase;
			buildActionMask = 2147483647;
			files = (
			);
			runOnlyForDeploymentPostprocessing = 0;
		};
/* End PBXFrameworksBuildPhase section */

/* Begin PBXGroup section */
		3D22AAE32834E3FA00CB41AB /* Views */ = {
			isa = PBXGroup;
			children = (
				3DD7B9DC283391DA003157BD /* ContentView.swift */,
				3D9C536F2848D34200E6D5C1 /* PageView */,
				3D9C53662844CE2800E6D5C1 /* Profiles */,
				3D9C53652844CDFE00E6D5C1 /* Badge */,
				3D9C53642844CDE700E6D5C1 /* Category */,
				3D22AAEE28368AAA00CB41AB /* Landmarks */,
				3D22AAFE283B945500CB41AB /* Hikes */,
				3D22AAEF28368AC300CB41AB /* Helpers */,
			);
			path = Views;
			sourceTree = "<group>";
		};
		3D22AAE42834E41600CB41AB /* Model */ = {
			isa = PBXGroup;
			children = (
				3D22AADF2834C6BF00CB41AB /* Landmark.swift */,
				3D22AAE12834CDAA00CB41AB /* ModelData.swift */,
				3D22AAFC283B90B000CB41AB /* Hike.swift */,
				3D9C53622844CB0600E6D5C1 /* Profile.swift */,
			);
			path = Model;
			sourceTree = "<group>";
		};
		3D22AAE52834E43200CB41AB /* Resources */ = {
			isa = PBXGroup;
			children = (
				3D22AAFA283B908D00CB41AB /* hikeData.json */,
				3D22AADD2834C5F400CB41AB /* landmarkData.json */,
			);
			path = Resources;
			sourceTree = "<group>";
		};
		3D22AAEE28368AAA00CB41AB /* Landmarks */ = {
			isa = PBXGroup;
			children = (
				3D22AAE62834E58000CB41AB /* LandmarkRow.swift */,
				3D22AAE82834EE3900CB41AB /* LandmarkList.swift */,
				3D22AAEA2834F60D00CB41AB /* LandmarkDetail.swift */,
			);
			path = Landmarks;
			sourceTree = "<group>";
		};
		3D22AAEF28368AC300CB41AB /* Helpers */ = {
			isa = PBXGroup;
			children = (
				3DD7BA042833AF1C003157BD /* CircleImage.swift */,
				3D22AAEC283688C100CB41AB /* FavoriteButton.swift */,
				3DD7BA062833B2EE003157BD /* MapView.swift */,
			);
			path = Helpers;
			sourceTree = "<group>";
		};
		3D22AAFE283B945500CB41AB /* Hikes */ = {
			isa = PBXGroup;
			children = (
				3D22AAFF283B945500CB41AB /* GraphCapsule.swift */,
				3D22AB00283B945500CB41AB /* HikeGraph.swift */,
				3D22AB01283B945500CB41AB /* HikeDetail.swift */,
				3D22AB02283B945500CB41AB /* HikeView.swift */,
				3D9C536B2844D13800E6D5C1 /* HikeBadge.swift */,
			);
			path = Hikes;
			sourceTree = "<group>";
		};
		3D9C53642844CDE700E6D5C1 /* Category */ = {
			isa = PBXGroup;
			children = (
				3D728AB02840A82E00AB0DD0 /* CategoryHome.swift */,
				3D728AB22840B0AB00AB0DD0 /* CategoryRow.swift */,
				3D728AB42840B25400AB0DD0 /* CategoryItem.swift */,
			);
			path = Category;
			sourceTree = "<group>";
		};
		3D9C53652844CDFE00E6D5C1 /* Badge */ = {
			isa = PBXGroup;
			children = (
				3D22AAF82837789200CB41AB /* Badge.swift */,
				3D22AAF6283777B500CB41AB /* RotatedBadgeSymbol.swift */,
				3D22AAF42837764300CB41AB /* BadgeSymbol.swift */,
				3D22AAF228375D2F00CB41AB /* BadgeBackground.swift */,
				3D22AAF02837589900CB41AB /* HexagonParmeters.swift */,
			);
			path = Badge;
			sourceTree = "<group>";
		};
		3D9C53662844CE2800E6D5C1 /* Profiles */ = {
			isa = PBXGroup;
			children = (
				3D9C53672844CE6800E6D5C1 /* ProfileHost.swift */,
				3D9C53692844CF3B00E6D5C1 /* ProfileSummary.swift */,
				3D9C536D284636C100E6D5C1 /* ProfileEditor.swift */,
			);
			path = Profiles;
			sourceTree = "<group>";
		};
		3D9C536F2848D34200E6D5C1 /* PageView */ = {
			isa = PBXGroup;
			children = (
				3D9C53702848D37300E6D5C1 /* PageViewController.swift */,
				3D9C53722848D80300E6D5C1 /* FeatureCard.swift */,
				3D9C53742848E51000E6D5C1 /* PageView.swift */,
				3D9C53762848F0C600E6D5C1 /* PageControl.swift */,
			);
			path = PageView;
			sourceTree = "<group>";
		};
		3DD7B9CE283391DA003157BD = {
			isa = PBXGroup;
			children = (
				3DD7B9D9283391DA003157BD /* Landmarks */,
				3DD7B9EA283391DE003157BD /* LandmarksTests */,
				3DD7B9F4283391DE003157BD /* LandmarksUITests */,
				3DD7B9D8283391DA003157BD /* Products */,
			);
			sourceTree = "<group>";
		};
		3DD7B9D8283391DA003157BD /* Products */ = {
			isa = PBXGroup;
			children = (
				3DD7B9D7283391DA003157BD /* Landmarks.app */,
				3DD7B9E7283391DE003157BD /* LandmarksTests.xctest */,
				3DD7B9F1283391DE003157BD /* LandmarksUITests.xctest */,
			);
			name = Products;
			sourceTree = "<group>";
		};
		3DD7B9D9283391DA003157BD /* Landmarks */ = {
			isa = PBXGroup;
			children = (
				3D22AAE32834E3FA00CB41AB /* Views */,
				3D22AAE42834E41600CB41AB /* Model */,
				3D22AAE52834E43200CB41AB /* Resources */,
				3DD7B9DA283391DA003157BD /* LandmarksApp.swift */,
				3DD7B9DE283391DE003157BD /* Assets.xcassets */,
				3DD7B9E0283391DE003157BD /* Preview Content */,
			);
			path = Landmarks;
			sourceTree = "<group>";
		};
		3DD7B9E0283391DE003157BD /* Preview Content */ = {
			isa = PBXGroup;
			children = (
				3DD7B9E1283391DE003157BD /* Preview Assets.xcassets */,
			);
			path = "Preview Content";
			sourceTree = "<group>";
		};
		3DD7B9EA283391DE003157BD /* LandmarksTests */ = {
			isa = PBXGroup;
			children = (
				3DD7B9EB283391DE003157BD /* LandmarksTests.swift */,
			);
			path = LandmarksTests;
			sourceTree = "<group>";
		};
		3DD7B9F4283391DE003157BD /* LandmarksUITests */ = {
			isa = PBXGroup;
			children = (
				3DD7B9F5283391DE003157BD /* LandmarksUITests.swift */,
				3DD7B9F7283391DE003157BD /* LandmarksUITestsLaunchTests.swift */,
			);
			path = LandmarksUITests;
			sourceTree = "<group>";
		};
/* End PBXGroup section */

/* Begin PBXNativeTarget section */
		3DD7B9D6283391DA003157BD /* Landmarks */ = {
			isa = PBXNativeTarget;
			buildConfigurationList = 3DD7B9FB283391DE003157BD /* Build configuration list for PBXNativeTarget "Landmarks" */;
			buildPhases = (
				3DD7B9D3283391DA003157BD /* Sources */,
				3DD7B9D4283391DA003157BD /* Frameworks */,
				3DD7B9D5283391DA003157BD /* Resources */,
			);
			buildRules = (
			);
			dependencies = (
			);
			name = Landmarks;
			productName = Landmarks;
			productReference = 3DD7B9D7283391DA003157BD /* Landmarks.app */;
			productType = "com.apple.product-type.application";
		};
		3DD7B9E6283391DE003157BD /* LandmarksTests */ = {
			isa = PBXNativeTarget;
			buildConfigurationList = 3DD7B9FE283391DE003157BD /* Build configuration list for PBXNativeTarget "LandmarksTests" */;
			buildPhases = (
				3DD7B9E3283391DE003157BD /* Sources */,
				3DD7B9E4283391DE003157BD /* Frameworks */,
				3DD7B9E5283391DE003157BD /* Resources */,
			);
			buildRules = (
			);
			dependencies = (
				3DD7B9E9283391DE003157BD /* PBXTargetDependency */,
			);
			name = LandmarksTests;
			productName = LandmarksTests;
			productReference = 3DD7B9E7283391DE003157BD /* LandmarksTests.xctest */;
			productType = "com.apple.product-type.bundle.unit-test";
		};
		3DD7B9F0283391DE003157BD /* LandmarksUITests */ = {
			isa = PBXNativeTarget;
			buildConfigurationList = 3DD7BA01283391DE003157BD /* Build configuration list for PBXNativeTarget "LandmarksUITests" */;
			buildPhases = (
				3DD7B9ED283391DE003157BD /* Sources */,
				3DD7B9EE283391DE003157BD /* Frameworks */,
				3DD7B9EF283391DE003157BD /* Resources */,
			);
			buildRules = (
			);
			dependencies = (
				3DD7B9F3283391DE003157BD /* PBXTargetDependency */,
			);
			name = LandmarksUITests;
			productName = LandmarksUITests;
			productReference = 3DD7B9F1283391DE003157BD /* LandmarksUITests.xctest */;
			productType = "com.apple.product-type.bundle.ui-testing";
		};
/* End PBXNativeTarget section */

/* Begin PBXProject section */
		3DD7B9CF283391DA003157BD /* Project object */ = {
			isa = PBXProject;
			attributes = {
				BuildIndependentTargetsInParallel = 1;
				LastSwiftUpdateCheck = 1330;
				LastUpgradeCheck = 1330;
				TargetAttributes = {
					3DD7B9D6283391DA003157BD = {
						CreatedOnToolsVersion = 13.3.1;
					};
					3DD7B9E6283391DE003157BD = {
						CreatedOnToolsVersion = 13.3.1;
						TestTargetID = 3DD7B9D6283391DA003157BD;
					};
					3DD7B9F0283391DE003157BD = {
						CreatedOnToolsVersion = 13.3.1;
						TestTargetID = 3DD7B9D6283391DA003157BD;
					};
				};
			};
			buildConfigurationList = 3DD7B9D2283391DA003157BD /* Build configuration list for PBXProject "Landmarks" */;
			compatibilityVersion = "Xcode 13.0";
			developmentRegion = en;
			hasScannedForEncodings = 0;
			knownRegions = (
				en,
				Base,
			);
			mainGroup = 3DD7B9CE283391DA003157BD;
			productRefGroup = 3DD7B9D8283391DA003157BD /* Products */;
			projectDirPath = "";
			projectRoot = "";
			targets = (
				3DD7B9D6283391DA003157BD /* Landmarks */,
				3DD7B9E6283391DE003157BD /* LandmarksTests */,
				3DD7B9F0283391DE003157BD /* LandmarksUITests */,
			);
		};
/* End PBXProject section */

/* Begin PBXResourcesBuildPhase section */
		3DD7B9D5283391DA003157BD /* Resources */ = {
			isa = PBXResourcesBuildPhase;
			buildActionMask = 2147483647;
			files = (
				3D22AAFB283B908D00CB41AB /* hikeData.json in Resources */,
				3DD7B9E2283391DE003157BD /* Preview Assets.xcassets in Resources */,
				3DD7B9DF283391DE003157BD /* Assets.xcassets in Resources */,
				3D22AADE2834C5F400CB41AB /* landmarkData.json in Resources */,
			);
			runOnlyForDeploymentPostprocessing = 0;
		};
		3DD7B9E5283391DE003157BD /* Resources */ = {
			isa = PBXResourcesBuildPhase;
			buildActionMask = 2147483647;
			files = (
			);
			runOnlyForDeploymentPostprocessing = 0;
		};
		3DD7B9EF283391DE003157BD /* Resources */ = {
			isa = PBXResourcesBuildPhase;
			buildActionMask = 2147483647;
			files = (
			);
			runOnlyForDeploymentPostprocessing = 0;
		};
/* End PBXResourcesBuildPhase section */

/* Begin PBXSourcesBuildPhase section */
		3DD7B9D3283391DA003157BD /* Sources */ = {
			isa = PBXSourcesBuildPhase;
			buildActionMask = 2147483647;
			files = (
				3D728AB32840B0AB00AB0DD0 /* CategoryRow.swift in Sources */,
				3D9C53632844CB0600E6D5C1 /* Profile.swift in Sources */,
				3D22AAE02834C6BF00CB41AB /* Landmark.swift in Sources */,
				3D728AB12840A82E00AB0DD0 /* CategoryHome.swift in Sources */,
				3D9C53732848D80300E6D5C1 /* FeatureCard.swift in Sources */,
				3D22AB04283B945500CB41AB /* HikeGraph.swift in Sources */,
				3D22AAF92837789200CB41AB /* Badge.swift in Sources */,
				3DD7B9DD283391DA003157BD /* ContentView.swift in Sources */,
				3D22AB03283B945500CB41AB /* GraphCapsule.swift in Sources */,
				3DD7BA072833B2EE003157BD /* MapView.swift in Sources */,
				3D9C53772848F0C600E6D5C1 /* PageControl.swift in Sources */,
				3D22AAED283688C100CB41AB /* FavoriteButton.swift in Sources */,
				3D728AB52840B25400AB0DD0 /* CategoryItem.swift in Sources */,
				3D22AB05283B945500CB41AB /* HikeDetail.swift in Sources */,
				3D9C536A2844CF3B00E6D5C1 /* ProfileSummary.swift in Sources */,
				3D22AAE92834EE3900CB41AB /* LandmarkList.swift in Sources */,
				3D9C53682844CE6800E6D5C1 /* ProfileHost.swift in Sources */,
				3D22AAFD283B90B000CB41AB /* Hike.swift in Sources */,
				3D22AAF7283777B500CB41AB /* RotatedBadgeSymbol.swift in Sources */,
				3D9C53752848E51000E6D5C1 /* PageView.swift in Sources */,
				3D22AAF52837764300CB41AB /* BadgeSymbol.swift in Sources */,
				3D9C536E284636C100E6D5C1 /* ProfileEditor.swift in Sources */,
				3D22AAEB2834F60D00CB41AB /* LandmarkDetail.swift in Sources */,
				3D22AB06283B945500CB41AB /* HikeView.swift in Sources */,
				3DD7B9DB283391DA003157BD /* LandmarksApp.swift in Sources */,
				3D9C53712848D37300E6D5C1 /* PageViewController.swift in Sources */,
				3D22AAF328375D2F00CB41AB /* BadgeBackground.swift in Sources */,
				3D9C536C2844D13800E6D5C1 /* HikeBadge.swift in Sources */,
				3DD7BA052833AF1C003157BD /* CircleImage.swift in Sources */,
				3D22AAF12837589900CB41AB /* HexagonParmeters.swift in Sources */,
				3D22AAE72834E58000CB41AB /* LandmarkRow.swift in Sources */,
				3D22AAE22834CDAA00CB41AB /* ModelData.swift in Sources */,
			);
			runOnlyForDeploymentPostprocessing = 0;
		};
		3DD7B9E3283391DE003157BD /* Sources */ = {
			isa = PBXSourcesBuildPhase;
			buildActionMask = 2147483647;
			files = (
				3DD7B9EC283391DE003157BD /* LandmarksTests.swift in Sources */,
			);
			runOnlyForDeploymentPostprocessing = 0;
		};
		3DD7B9ED283391DE003157BD /* Sources */ = {
			isa = PBXSourcesBuildPhase;
			buildActionMask = 2147483647;
			files = (
				3DD7B9F8283391DE003157BD /* LandmarksUITestsLaunchTests.swift in Sources */,
				3DD7B9F6283391DE003157BD /* LandmarksUITests.swift in Sources */,
			);
			runOnlyForDeploymentPostprocessing = 0;
		};
/* End PBXSourcesBuildPhase section */

/* Begin PBXTargetDependency section */
		3DD7B9E9283391DE003157BD /* PBXTargetDependency */ = {
			isa = PBXTargetDependency;
			target = 3DD7B9D6283391DA003157BD /* Landmarks */;
			targetProxy = 3DD7B9E8283391DE003157BD /* PBXContainerItemProxy */;
		};
		3DD7B9F3283391DE003157BD /* PBXTargetDependency */ = {
			isa = PBXTargetDependency;
			target = 3DD7B9D6283391DA003157BD /* Landmarks */;
			targetProxy = 3DD7B9F2283391DE003157BD /* PBXContainerItemProxy */;
		};
/* End PBXTargetDependency section */

/* Begin XCBuildConfiguration section */
		3DD7B9F9283391DE003157BD /* Debug */ = {
			isa = XCBuildConfiguration;
			buildSettings = {
				ALWAYS_SEARCH_USER_PATHS = NO;
				CLANG_ANALYZER_NONNULL = YES;
				CLANG_ANALYZER_NUMBER_OBJECT_CONVERSION = YES_AGGRESSIVE;
				CLANG_CXX_LANGUAGE_STANDARD = "gnu++17";
				CLANG_ENABLE_MODULES = YES;
				CLANG_ENABLE_OBJC_ARC = YES;
				CLANG_ENABLE_OBJC_WEAK = YES;
				CLANG_WARN_BLOCK_CAPTURE_AUTORELEASING = YES;
				CLANG_WARN_BOOL_CONVERSION = YES;
				CLANG_WARN_COMMA = YES;
				CLANG_WARN_CONSTANT_CONVERSION = YES;
				CLANG_WARN_DEPRECATED_OBJC_IMPLEMENTATIONS = YES;
				CLANG_WARN_DIRECT_OBJC_ISA_USAGE = YES_ERROR;
				CLANG_WARN_DOCUMENTATION_COMMENTS = YES;
				CLANG_WARN_EMPTY_BODY = YES;
				CLANG_WARN_ENUM_CONVERSION = YES;
				CLANG_WARN_INFINITE_RECURSION = YES;
				CLANG_WARN_INT_CONVERSION = YES;
				CLANG_WARN_NON_LITERAL_NULL_CONVERSION = YES;
				CLANG_WARN_OBJC_IMPLICIT_RETAIN_SELF = YES;
				CLANG_WARN_OBJC_LITERAL_CONVERSION = YES;
				CLANG_WARN_OBJC_ROOT_CLASS = YES_ERROR;
				CLANG_WARN_QUOTED_INCLUDE_IN_FRAMEWORK_HEADER = YES;
				CLANG_WARN_RANGE_LOOP_ANALYSIS = YES;
				CLANG_WARN_STRICT_PROTOTYPES = YES;
				CLANG_WARN_SUSPICIOUS_MOVE = YES;
				CLANG_WARN_UNGUARDED_AVAILABILITY = YES_AGGRESSIVE;
				CLANG_WARN_UNREACHABLE_CODE = YES;
				CLANG_WARN__DUPLICATE_METHOD_MATCH = YES;
				COPY_PHASE_STRIP = NO;
				DEBUG_INFORMATION_FORMAT = dwarf;
				ENABLE_STRICT_OBJC_MSGSEND = YES;
				ENABLE_TESTABILITY = YES;
				GCC_C_LANGUAGE_STANDARD = gnu11;
				GCC_DYNAMIC_NO_PIC = NO;
				GCC_NO_COMMON_BLOCKS = YES;
				GCC_OPTIMIZATION_LEVEL = 0;
				GCC_PREPROCESSOR_DEFINITIONS = (
					"DEBUG=1",
					"$(inherited)",
				);
				GCC_WARN_64_TO_32_BIT_CONVERSION = YES;
				GCC_WARN_ABOUT_RETURN_TYPE = YES_ERROR;
				GCC_WARN_UNDECLARED_SELECTOR = YES;
				GCC_WARN_UNINITIALIZED_AUTOS = YES_AGGRESSIVE;
				GCC_WARN_UNUSED_FUNCTION = YES;
				GCC_WARN_UNUSED_VARIABLE = YES;
				IPHONEOS_DEPLOYMENT_TARGET = 15.4;
				MTL_ENABLE_DEBUG_INFO = INCLUDE_SOURCE;
				MTL_FAST_MATH = YES;
				ONLY_ACTIVE_ARCH = YES;
				SDKROOT = iphoneos;
				SWIFT_ACTIVE_COMPILATION_CONDITIONS = DEBUG;
				SWIFT_OPTIMIZATION_LEVEL = "-Onone";
			};
			name = Debug;
		};
		3DD7B9FA283391DE003157BD /* Release */ = {
			isa = XCBuildConfiguration;
			buildSettings = {
				ALWAYS_SEARCH_USER_PATHS = NO;
				CLANG_ANALYZER_NONNULL = YES;
				CLANG_ANALYZER_NUMBER_OBJECT_CONVERSION = YES_AGGRESSIVE;
				CLANG_CXX_LANGUAGE_STANDARD = "gnu++17";
				CLANG_ENABLE_MODULES = YES;
				CLANG_ENABLE_OBJC_ARC = YES;
				CLANG_ENABLE_OBJC_WEAK = YES;
				CLANG_WARN_BLOCK_CAPTURE_AUTORELEASING = YES;
				CLANG_WARN_BOOL_CONVERSION = YES;
				CLANG_WARN_COMMA = YES;
				CLANG_WARN_CONSTANT_CONVERSION = YES;
				CLANG_WARN_DEPRECATED_OBJC_IMPLEMENTATIONS = YES;
				CLANG_WARN_DIRECT_OBJC_ISA_USAGE = YES_ERROR;
				CLANG_WARN_DOCUMENTATION_COMMENTS = YES;
				CLANG_WARN_EMPTY_BODY = YES;
				CLANG_WARN_ENUM_CONVERSION = YES;
				CLANG_WARN_INFINITE_RECURSION = YES;
				CLANG_WARN_INT_CONVERSION = YES;
				CLANG_WARN_NON_LITERAL_NULL_CONVERSION = YES;
				CLANG_WARN_OBJC_IMPLICIT_RETAIN_SELF = YES;
				CLANG_WARN_OBJC_LITERAL_CONVERSION = YES;
				CLANG_WARN_OBJC_ROOT_CLASS = YES_ERROR;
				CLANG_WARN_QUOTED_INCLUDE_IN_FRAMEWORK_HEADER = YES;
				CLANG_WARN_RANGE_LOOP_ANALYSIS = YES;
				CLANG_WARN_STRICT_PROTOTYPES = YES;
				CLANG_WARN_SUSPICIOUS_MOVE = YES;
				CLANG_WARN_UNGUARDED_AVAILABILITY = YES_AGGRESSIVE;
				CLANG_WARN_UNREACHABLE_CODE = YES;
				CLANG_WARN__DUPLICATE_METHOD_MATCH = YES;
				COPY_PHASE_STRIP = NO;
				DEBUG_INFORMATION_FORMAT = "dwarf-with-dsym";
				ENABLE_NS_ASSERTIONS = NO;
				ENABLE_STRICT_OBJC_MSGSEND = YES;
				GCC_C_LANGUAGE_STANDARD = gnu11;
				GCC_NO_COMMON_BLOCKS = YES;
				GCC_WARN_64_TO_32_BIT_CONVERSION = YES;
				GCC_WARN_ABOUT_RETURN_TYPE = YES_ERROR;
				GCC_WARN_UNDECLARED_SELECTOR = YES;
				GCC_WARN_UNINITIALIZED_AUTOS = YES_AGGRESSIVE;
				GCC_WARN_UNUSED_FUNCTION = YES;
				GCC_WARN_UNUSED_VARIABLE = YES;
				IPHONEOS_DEPLOYMENT_TARGET = 15.4;
				MTL_ENABLE_DEBUG_INFO = NO;
				MTL_FAST_MATH = YES;
				SDKROOT = iphoneos;
				SWIFT_COMPILATION_MODE = wholemodule;
				SWIFT_OPTIMIZATION_LEVEL = "-O";
				VALIDATE_PRODUCT = YES;
			};
			name = Release;
		};
		3DD7B9FC283391DE003157BD /* Debug */ = {
			isa = XCBuildConfiguration;
			buildSettings = {
				ASSETCATALOG_COMPILER_APPICON_NAME = AppIcon;
				ASSETCATALOG_COMPILER_GLOBAL_ACCENT_COLOR_NAME = AccentColor;
				CODE_SIGN_STYLE = Automatic;
				CURRENT_PROJECT_VERSION = 1;
				DEVELOPMENT_ASSET_PATHS = "\"Landmarks/Preview Content\"";
				DEVELOPMENT_TEAM = G7X65ZSJ3J;
				ENABLE_PREVIEWS = YES;
				GENERATE_INFOPLIST_FILE = YES;
				INFOPLIST_KEY_UIApplicationSceneManifest_Generation = YES;
				INFOPLIST_KEY_UIApplicationSupportsIndirectInputEvents = YES;
				INFOPLIST_KEY_UILaunchScreen_Generation = YES;
				INFOPLIST_KEY_UISupportedInterfaceOrientations_iPad = "UIInterfaceOrientationPortrait UIInterfaceOrientationPortraitUpsideDown UIInterfaceOrientationLandscapeLeft UIInterfaceOrientationLandscapeRight";
				INFOPLIST_KEY_UISupportedInterfaceOrientations_iPhone = "UIInterfaceOrientationPortrait UIInterfaceOrientationLandscapeLeft UIInterfaceOrientationLandscapeRight";
				LD_RUNPATH_SEARCH_PATHS = (
					"$(inherited)",
					"@executable_path/Frameworks",
				);
				MARKETING_VERSION = 1.0;
				PRODUCT_BUNDLE_IDENTIFIER = Seunggyun.Landmarks;
				PRODUCT_NAME = "$(TARGET_NAME)";
				SWIFT_EMIT_LOC_STRINGS = YES;
				SWIFT_VERSION = 5.0;
				TARGETED_DEVICE_FAMILY = "1,2";
			};
			name = Debug;
		};
		3DD7B9FD283391DE003157BD /* Release */ = {
			isa = XCBuildConfiguration;
			buildSettings = {
				ASSETCATALOG_COMPILER_APPICON_NAME = AppIcon;
				ASSETCATALOG_COMPILER_GLOBAL_ACCENT_COLOR_NAME = AccentColor;
				CODE_SIGN_STYLE = Automatic;
				CURRENT_PROJECT_VERSION = 1;
				DEVELOPMENT_ASSET_PATHS = "\"Landmarks/Preview Content\"";
				DEVELOPMENT_TEAM = G7X65ZSJ3J;
				ENABLE_PREVIEWS = YES;
				GENERATE_INFOPLIST_FILE = YES;
				INFOPLIST_KEY_UIApplicationSceneManifest_Generation = YES;
				INFOPLIST_KEY_UIApplicationSupportsIndirectInputEvents = YES;
				INFOPLIST_KEY_UILaunchScreen_Generation = YES;
				INFOPLIST_KEY_UISupportedInterfaceOrientations_iPad = "UIInterfaceOrientationPortrait UIInterfaceOrientationPortraitUpsideDown UIInterfaceOrientationLandscapeLeft UIInterfaceOrientationLandscapeRight";
				INFOPLIST_KEY_UISupportedInterfaceOrientations_iPhone = "UIInterfaceOrientationPortrait UIInterfaceOrientationLandscapeLeft UIInterfaceOrientationLandscapeRight";
				LD_RUNPATH_SEARCH_PATHS = (
					"$(inherited)",
					"@executable_path/Frameworks",
				);
				MARKETING_VERSION = 1.0;
				PRODUCT_BUNDLE_IDENTIFIER = Seunggyun.Landmarks;
				PRODUCT_NAME = "$(TARGET_NAME)";
				SWIFT_EMIT_LOC_STRINGS = YES;
				SWIFT_VERSION = 5.0;
				TARGETED_DEVICE_FAMILY = "1,2";
			};
			name = Release;
		};
		3DD7B9FF283391DE003157BD /* Debug */ = {
			isa = XCBuildConfiguration;
			buildSettings = {
				ALWAYS_EMBED_SWIFT_STANDARD_LIBRARIES = YES;
				BUNDLE_LOADER = "$(TEST_HOST)";
				CODE_SIGN_STYLE = Automatic;
				CURRENT_PROJECT_VERSION = 1;
				DEVELOPMENT_TEAM = G7X65ZSJ3J;
				GENERATE_INFOPLIST_FILE = YES;
				IPHONEOS_DEPLOYMENT_TARGET = 15.4;
				MARKETING_VERSION = 1.0;
				PRODUCT_BUNDLE_IDENTIFIER = Seunggyun.LandmarksTests;
				PRODUCT_NAME = "$(TARGET_NAME)";
				SWIFT_EMIT_LOC_STRINGS = NO;
				SWIFT_VERSION = 5.0;
				TARGETED_DEVICE_FAMILY = "1,2";
				TEST_HOST = "$(BUILT_PRODUCTS_DIR)/Landmarks.app/Landmarks";
			};
			name = Debug;
		};
		3DD7BA00283391DE003157BD /* Release */ = {
			isa = XCBuildConfiguration;
			buildSettings = {
				ALWAYS_EMBED_SWIFT_STANDARD_LIBRARIES = YES;
				BUNDLE_LOADER = "$(TEST_HOST)";
				CODE_SIGN_STYLE = Automatic;
				CURRENT_PROJECT_VERSION = 1;
				DEVELOPMENT_TEAM = G7X65ZSJ3J;
				GENERATE_INFOPLIST_FILE = YES;
				IPHONEOS_DEPLOYMENT_TARGET = 15.4;
				MARKETING_VERSION = 1.0;
				PRODUCT_BUNDLE_IDENTIFIER = Seunggyun.LandmarksTests;
				PRODUCT_NAME = "$(TARGET_NAME)";
				SWIFT_EMIT_LOC_STRINGS = NO;
				SWIFT_VERSION = 5.0;
				TARGETED_DEVICE_FAMILY = "1,2";
				TEST_HOST = "$(BUILT_PRODUCTS_DIR)/Landmarks.app/Landmarks";
			};
			name = Release;
		};
		3DD7BA02283391DE003157BD /* Debug */ = {
			isa = XCBuildConfiguration;
			buildSettings = {
				ALWAYS_EMBED_SWIFT_STANDARD_LIBRARIES = YES;
				CODE_SIGN_STYLE = Automatic;
				CURRENT_PROJECT_VERSION = 1;
				DEVELOPMENT_TEAM = G7X65ZSJ3J;
				GENERATE_INFOPLIST_FILE = YES;
				MARKETING_VERSION = 1.0;
				PRODUCT_BUNDLE_IDENTIFIER = Seunggyun.LandmarksUITests;
				PRODUCT_NAME = "$(TARGET_NAME)";
				SWIFT_EMIT_LOC_STRINGS = NO;
				SWIFT_VERSION = 5.0;
				TARGETED_DEVICE_FAMILY = "1,2";
				TEST_TARGET_NAME = Landmarks;
			};
			name = Debug;
		};
		3DD7BA03283391DE003157BD /* Release */ = {
			isa = XCBuildConfiguration;
			buildSettings = {
				ALWAYS_EMBED_SWIFT_STANDARD_LIBRARIES = YES;
				CODE_SIGN_STYLE = Automatic;
				CURRENT_PROJECT_VERSION = 1;
				DEVELOPMENT_TEAM = G7X65ZSJ3J;
				GENERATE_INFOPLIST_FILE = YES;
				MARKETING_VERSION = 1.0;
				PRODUCT_BUNDLE_IDENTIFIER = Seunggyun.LandmarksUITests;
				PRODUCT_NAME = "$(TARGET_NAME)";
				SWIFT_EMIT_LOC_STRINGS = NO;
				SWIFT_VERSION = 5.0;
				TARGETED_DEVICE_FAMILY = "1,2";
				TEST_TARGET_NAME = Landmarks;
			};
			name = Release;
		};
/* End XCBuildConfiguration section */

/* Begin XCConfigurationList section */
		3DD7B9D2283391DA003157BD /* Build configuration list for PBXProject "Landmarks" */ = {
			isa = XCConfigurationList;
			buildConfigurations = (
				3DD7B9F9283391DE003157BD /* Debug */,
				3DD7B9FA283391DE003157BD /* Release */,
			);
			defaultConfigurationIsVisible = 0;
			defaultConfigurationName = Release;
		};
		3DD7B9FB283391DE003157BD /* Build configuration list for PBXNativeTarget "Landmarks" */ = {
			isa = XCConfigurationList;
			buildConfigurations = (
				3DD7B9FC283391DE003157BD /* Debug */,
				3DD7B9FD283391DE003157BD /* Release */,
			);
			defaultConfigurationIsVisible = 0;
			defaultConfigurationName = Release;
		};
		3DD7B9FE283391DE003157BD /* Build configuration list for PBXNativeTarget "LandmarksTests" */ = {
			isa = XCConfigurationList;
			buildConfigurations = (
				3DD7B9FF283391DE003157BD /* Debug */,
				3DD7BA00283391DE003157BD /* Release */,
			);
			defaultConfigurationIsVisible = 0;
			defaultConfigurationName = Release;
		};
		3DD7BA01283391DE003157BD /* Build configuration list for PBXNativeTarget "LandmarksUITests" */ = {
			isa = XCConfigurationList;
			buildConfigurations = (
				3DD7BA02283391DE003157BD /* Debug */,
				3DD7BA03283391DE003157BD /* Release */,
			);
			defaultConfigurationIsVisible = 0;
			defaultConfigurationName = Release;
		};
/* End XCConfigurationList section */
	};
	rootObject = 3DD7B9CF283391DA003157BD /* Project object */;
}
